// !$*UTF8*$!
{
	archiveVersion = 1;
	classes = {
	};
	objectVersion = 77;
	objects = {

/* Begin PBXBuildFile section */
		837DCFEA208B9E27337BA785 /* libPods-Systems InspectorUITests.a in Frameworks */ = {isa = PBXBuildFile; fileRef = 7D5E72438B1A3FB45917E85B /* libPods-Systems InspectorUITests.a */; };
		86C81C70CC71DD265A7077C6 /* libPods-Systems InspectorTests.a in Frameworks */ = {isa = PBXBuildFile; fileRef = CADE1B340D086E7440D7A866 /* libPods-Systems InspectorTests.a */; };
		B7D8830C2F2E37DB00BB0867 /* GoogleService-Info.plist in Resources */ = {isa = PBXBuildFile; fileRef = B7D8830B2F2E37DB00BB0867 /* GoogleService-Info.plist */; };
		B7EFEAAB2DEB3B8B00B96635 /* CoreData.framework in Frameworks */ = {isa = PBXBuildFile; fileRef = B71F75282DE115F9009F8964 /* CoreData.framework */; };
		B7EFEAAE2DEB3B8D00B96635 /* LocalAuthentication.framework in Frameworks */ = {isa = PBXBuildFile; fileRef = B71F752A2DE1161E009F8964 /* LocalAuthentication.framework */; };
		B7EFEAB02DEB3B8E00B96635 /* MessageUI.framework in Frameworks */ = {isa = PBXBuildFile; fileRef = B71F752C2DE1162F009F8964 /* MessageUI.framework */; };
		B7EFEAB22DEB3B9000B96635 /* QuickLook.framework in Frameworks */ = {isa = PBXBuildFile; fileRef = B71F752D2DE11640009F8964 /* QuickLook.framework */; };
		E834F0691A855CA3511E3993 /* Pods_Systems_Inspector.framework in Frameworks */ = {isa = PBXBuildFile; fileRef = 43F497614390ABE892D0F615 /* Pods_Systems_Inspector.framework */; };
/* End PBXBuildFile section */

/* Begin PBXContainerItemProxy section */
		B7F7D6902DDE4DAF0058FD49 /* PBXContainerItemProxy */ = {
			isa = PBXContainerItemProxy;
			containerPortal = B7F7D6752DDE4DAE0058FD49 /* Project object */;
			proxyType = 1;
			remoteGlobalIDString = B7F7D67C2DDE4DAE0058FD49;
			remoteInfo = "Systems Inspector";
		};
		B7F7D69A2DDE4DAF0058FD49 /* PBXContainerItemProxy */ = {
			isa = PBXContainerItemProxy;
			containerPortal = B7F7D6752DDE4DAE0058FD49 /* Project object */;
			proxyType = 1;
			remoteGlobalIDString = B7F7D67C2DDE4DAE0058FD49;
			remoteInfo = "Systems Inspector";
		};
/* End PBXContainerItemProxy section */

/* Begin PBXFileReference section */
		43F497614390ABE892D0F615 /* Pods_Systems_Inspector.framework */ = {isa = PBXFileReference; explicitFileType = wrapper.framework; includeInIndex = 0; path = Pods_Systems_Inspector.framework; sourceTree = BUILT_PRODUCTS_DIR; };
		5883354241593BED11128B4F /* Pods-Systems InspectorTests.release.xcconfig */ = {isa = PBXFileReference; includeInIndex = 1; lastKnownFileType = text.xcconfig; name = "Pods-Systems InspectorTests.release.xcconfig"; path = "Target Support Files/Pods-Systems InspectorTests/Pods-Systems InspectorTests.release.xcconfig"; sourceTree = "<group>"; };
		7D5E72438B1A3FB45917E85B /* libPods-Systems InspectorUITests.a */ = {isa = PBXFileReference; explicitFileType = archive.ar; includeInIndex = 0; path = "libPods-Systems InspectorUITests.a"; sourceTree = BUILT_PRODUCTS_DIR; };
		A197175770396C4BE43106E7 /* Pods-Systems InspectorTests.debug.xcconfig */ = {isa = PBXFileReference; includeInIndex = 1; lastKnownFileType = text.xcconfig; name = "Pods-Systems InspectorTests.debug.xcconfig"; path = "Target Support Files/Pods-Systems InspectorTests/Pods-Systems InspectorTests.debug.xcconfig"; sourceTree = "<group>"; };
		B6B2CFA3151B432891944190 /* Pods-Systems InspectorUITests.release.xcconfig */ = {isa = PBXFileReference; includeInIndex = 1; lastKnownFileType = text.xcconfig; name = "Pods-Systems InspectorUITests.release.xcconfig"; path = "Target Support Files/Pods-Systems InspectorUITests/Pods-Systems InspectorUITests.release.xcconfig"; sourceTree = "<group>"; };
		B71F75282DE115F9009F8964 /* CoreData.framework */ = {isa = PBXFileReference; lastKnownFileType = wrapper.framework; name = CoreData.framework; path = System/Library/Frameworks/CoreData.framework; sourceTree = SDKROOT; };
		B71F752A2DE1161E009F8964 /* LocalAuthentication.framework */ = {isa = PBXFileReference; lastKnownFileType = wrapper.framework; name = LocalAuthentication.framework; path = System/Library/Frameworks/LocalAuthentication.framework; sourceTree = SDKROOT; };
		B71F752C2DE1162F009F8964 /* MessageUI.framework */ = {isa = PBXFileReference; lastKnownFileType = wrapper.framework; name = MessageUI.framework; path = System/Library/Frameworks/MessageUI.framework; sourceTree = SDKROOT; };
		B71F752D2DE11640009F8964 /* QuickLook.framework */ = {isa = PBXFileReference; lastKnownFileType = wrapper.framework; name = QuickLook.framework; path = System/Library/Frameworks/QuickLook.framework; sourceTree = SDKROOT; };
		B7D8830B2F2E37DB00BB0867 /* GoogleService-Info.plist */ = {isa = PBXFileReference; lastKnownFileType = text.plist.xml; path = "GoogleService-Info.plist"; sourceTree = "<group>"; };
		B7F7D67D2DDE4DAE0058FD49 /* Systems Inspector.app */ = {isa = PBXFileReference; explicitFileType = wrapper.application; includeInIndex = 0; path = "Systems Inspector.app"; sourceTree = BUILT_PRODUCTS_DIR; };
		B7F7D68F2DDE4DAF0058FD49 /* Systems InspectorTests.xctest */ = {isa = PBXFileReference; explicitFileType = wrapper.cfbundle; includeInIndex = 0; path = "Systems InspectorTests.xctest"; sourceTree = BUILT_PRODUCTS_DIR; };
		B7F7D6992DDE4DAF0058FD49 /* Systems InspectorUITests.xctest */ = {isa = PBXFileReference; explicitFileType = wrapper.cfbundle; includeInIndex = 0; path = "Systems InspectorUITests.xctest"; sourceTree = BUILT_PRODUCTS_DIR; };
		C04F180ADB821DB7107BF27A /* Pods-Systems Inspector.debug.xcconfig */ = {isa = PBXFileReference; includeInIndex = 1; lastKnownFileType = text.xcconfig; name = "Pods-Systems Inspector.debug.xcconfig"; path = "Target Support Files/Pods-Systems Inspector/Pods-Systems Inspector.debug.xcconfig"; sourceTree = "<group>"; };
		CADE1B340D086E7440D7A866 /* libPods-Systems InspectorTests.a */ = {isa = PBXFileReference; explicitFileType = archive.ar; includeInIndex = 0; path = "libPods-Systems InspectorTests.a"; sourceTree = BUILT_PRODUCTS_DIR; };
		D22FCEF0FC5D4EE7783C95E4 /* Pods-Systems InspectorUITests.debug.xcconfig */ = {isa = PBXFileReference; includeInIndex = 1; lastKnownFileType = text.xcconfig; name = "Pods-Systems InspectorUITests.debug.xcconfig"; path = "Target Support Files/Pods-Systems InspectorUITests/Pods-Systems InspectorUITests.debug.xcconfig"; sourceTree = "<group>"; };
		E9282E52545DB27BF867E7B1 /* Pods-Systems Inspector.release.xcconfig */ = {isa = PBXFileReference; includeInIndex = 1; lastKnownFileType = text.xcconfig; name = "Pods-Systems Inspector.release.xcconfig"; path = "Target Support Files/Pods-Systems Inspector/Pods-Systems Inspector.release.xcconfig"; sourceTree = "<group>"; };
/* End PBXFileReference section */

/* Begin PBXFileSystemSynchronizedRootGroup section */
		B7F7D67F2DDE4DAE0058FD49 /* Systems Inspector */ = {
			isa = PBXFileSystemSynchronizedRootGroup;
			exceptions = (
			);
			path = "Systems Inspector";
			sourceTree = "<group>";
		};
		B7F7D6922DDE4DAF0058FD49 /* Systems InspectorTests */ = {
			isa = PBXFileSystemSynchronizedRootGroup;
			exceptions = (
			);
			path = "Systems InspectorTests";
			sourceTree = "<group>";
		};
		B7F7D69C2DDE4DAF0058FD49 /* Systems InspectorUITests */ = {
			isa = PBXFileSystemSynchronizedRootGroup;
			exceptions = (
			);
			path = "Systems InspectorUITests";
			sourceTree = "<group>";
		};
/* End PBXFileSystemSynchronizedRootGroup section */

/* Begin PBXFrameworksBuildPhase section */
		B7F7D67A2DDE4DAE0058FD49 /* Frameworks */ = {
			isa = PBXFrameworksBuildPhase;
			buildActionMask = 2147483647;
			files = (
				B7EFEAAE2DEB3B8D00B96635 /* LocalAuthentication.framework in Frameworks */,
				B7EFEAAB2DEB3B8B00B96635 /* CoreData.framework in Frameworks */,
				B7EFEAB02DEB3B8E00B96635 /* MessageUI.framework in Frameworks */,
				B7EFEAB22DEB3B9000B96635 /* QuickLook.framework in Frameworks */,
				E834F0691A855CA3511E3993 /* Pods_Systems_Inspector.framework in Frameworks */,
			);
			runOnlyForDeploymentPostprocessing = 0;
		};
		B7F7D68C2DDE4DAF0058FD49 /* Frameworks */ = {
			isa = PBXFrameworksBuildPhase;
			buildActionMask = 2147483647;
			files = (
				86C81C70CC71DD265A7077C6 /* libPods-Systems InspectorTests.a in Frameworks */,
			);
			runOnlyForDeploymentPostprocessing = 0;
		};
		B7F7D6962DDE4DAF0058FD49 /* Frameworks */ = {
			isa = PBXFrameworksBuildPhase;
			buildActionMask = 2147483647;
			files = (
				837DCFEA208B9E27337BA785 /* libPods-Systems InspectorUITests.a in Frameworks */,
			);
			runOnlyForDeploymentPostprocessing = 0;
		};
/* End PBXFrameworksBuildPhase section */

/* Begin PBXGroup section */
		B71F75272DE115F9009F8964 /* Frameworks */ = {
			isa = PBXGroup;
			children = (
				B71F752C2DE1162F009F8964 /* MessageUI.framework */,
				B71F752D2DE11640009F8964 /* QuickLook.framework */,
				B71F752A2DE1161E009F8964 /* LocalAuthentication.framework */,
				B71F75282DE115F9009F8964 /* CoreData.framework */,
				43F497614390ABE892D0F615 /* Pods_Systems_Inspector.framework */,
				CADE1B340D086E7440D7A866 /* libPods-Systems InspectorTests.a */,
				7D5E72438B1A3FB45917E85B /* libPods-Systems InspectorUITests.a */,
			);
			name = Frameworks;
			sourceTree = "<group>";
		};
		B7F7D6742DDE4DAE0058FD49 = {
			isa = PBXGroup;
			children = (
				B7F7D67F2DDE4DAE0058FD49 /* Systems Inspector */,
				B7F7D6922DDE4DAF0058FD49 /* Systems InspectorTests */,
				B7F7D69C2DDE4DAF0058FD49 /* Systems InspectorUITests */,
				B71F75272DE115F9009F8964 /* Frameworks */,
				B7F7D67E2DDE4DAE0058FD49 /* Products */,
				DBB955E9E1B0C1BB258F8705 /* Pods */,
				B7D8830B2F2E37DB00BB0867 /* GoogleService-Info.plist */,
			);
			sourceTree = "<group>";
		};
		B7F7D67E2DDE4DAE0058FD49 /* Products */ = {
			isa = PBXGroup;
			children = (
				B7F7D67D2DDE4DAE0058FD49 /* Systems Inspector.app */,
				B7F7D68F2DDE4DAF0058FD49 /* Systems InspectorTests.xctest */,
				B7F7D6992DDE4DAF0058FD49 /* Systems InspectorUITests.xctest */,
			);
			name = Products;
			sourceTree = "<group>";
		};
		DBB955E9E1B0C1BB258F8705 /* Pods */ = {
			isa = PBXGroup;
			children = (
				C04F180ADB821DB7107BF27A /* Pods-Systems Inspector.debug.xcconfig */,
				E9282E52545DB27BF867E7B1 /* Pods-Systems Inspector.release.xcconfig */,
				A197175770396C4BE43106E7 /* Pods-Systems InspectorTests.debug.xcconfig */,
				5883354241593BED11128B4F /* Pods-Systems InspectorTests.release.xcconfig */,
				D22FCEF0FC5D4EE7783C95E4 /* Pods-Systems InspectorUITests.debug.xcconfig */,
				B6B2CFA3151B432891944190 /* Pods-Systems InspectorUITests.release.xcconfig */,
			);
			path = Pods;
			sourceTree = "<group>";
		};
/* End PBXGroup section */

/* Begin PBXNativeTarget section */
		B7F7D67C2DDE4DAE0058FD49 /* Systems Inspector */ = {
			isa = PBXNativeTarget;
			buildConfigurationList = B7F7D6A32DDE4DAF0058FD49 /* Build configuration list for PBXNativeTarget "Systems Inspector" */;
			buildPhases = (
				BBC2AC2A746586EB7C60B5E3 /* [CP] Check Pods Manifest.lock */,
				B7F7D6792DDE4DAE0058FD49 /* Sources */,
				B7F7D67A2DDE4DAE0058FD49 /* Frameworks */,
				B7F7D67B2DDE4DAE0058FD49 /* Resources */,
				B577D263428251271ABFBF5F /* [CP] Embed Pods Frameworks */,
				B7D8830D2F2E38BC00BB0867 /* Firebase Crashlytics */,
			);
			buildRules = (
			);
			dependencies = (
			);
			fileSystemSynchronizedGroups = (
				B7F7D67F2DDE4DAE0058FD49 /* Systems Inspector */,
			);
			name = "Systems Inspector";
			productName = "Systems Inspector";
			productReference = B7F7D67D2DDE4DAE0058FD49 /* Systems Inspector.app */;
			productType = "com.apple.product-type.application";
		};
		B7F7D68E2DDE4DAF0058FD49 /* Systems InspectorTests */ = {
			isa = PBXNativeTarget;
			buildConfigurationList = B7F7D6A62DDE4DAF0058FD49 /* Build configuration list for PBXNativeTarget "Systems InspectorTests" */;
			buildPhases = (
				92A63E8309197CC3AE23BC9C /* [CP] Check Pods Manifest.lock */,
				B7F7D68B2DDE4DAF0058FD49 /* Sources */,
				B7F7D68C2DDE4DAF0058FD49 /* Frameworks */,
				B7F7D68D2DDE4DAF0058FD49 /* Resources */,
			);
			buildRules = (
			);
			dependencies = (
				B7F7D6912DDE4DAF0058FD49 /* PBXTargetDependency */,
			);
			fileSystemSynchronizedGroups = (
				B7F7D6922DDE4DAF0058FD49 /* Systems InspectorTests */,
			);
			name = "Systems InspectorTests";
			productName = "Systems InspectorTests";
			productReference = B7F7D68F2DDE4DAF0058FD49 /* Systems InspectorTests.xctest */;
			productType = "com.apple.product-type.bundle.unit-test";
		};
		B7F7D6982DDE4DAF0058FD49 /* Systems InspectorUITests */ = {
			isa = PBXNativeTarget;
			buildConfigurationList = B7F7D6A92DDE4DAF0058FD49 /* Build configuration list for PBXNativeTarget "Systems InspectorUITests" */;
			buildPhases = (
				94CE20B4163635EAB762A695 /* [CP] Check Pods Manifest.lock */,
				B7F7D6952DDE4DAF0058FD49 /* Sources */,
				B7F7D6962DDE4DAF0058FD49 /* Frameworks */,
				B7F7D6972DDE4DAF0058FD49 /* Resources */,
			);
			buildRules = (
			);
			dependencies = (
				B7F7D69B2DDE4DAF0058FD49 /* PBXTargetDependency */,
			);
			fileSystemSynchronizedGroups = (
				B7F7D69C2DDE4DAF0058FD49 /* Systems InspectorUITests */,
			);
			name = "Systems InspectorUITests";
			productName = "Systems InspectorUITests";
			productReference = B7F7D6992DDE4DAF0058FD49 /* Systems InspectorUITests.xctest */;
			productType = "com.apple.product-type.bundle.ui-testing";
		};
/* End PBXNativeTarget section */

/* Begin PBXProject section */
		B7F7D6752DDE4DAE0058FD49 /* Project object */ = {
			isa = PBXProject;
			attributes = {
				BuildIndependentTargetsInParallel = 1;
				LastSwiftUpdateCheck = 2630;
				LastUpgradeCheck = 2700;
				TargetAttributes = {
					B7F7D67C2DDE4DAE0058FD49 = {
						CreatedOnToolsVersion = 16.3;
					};
					B7F7D68E2DDE4DAF0058FD49 = {
						CreatedOnToolsVersion = 16.3;
						TestTargetID = B7F7D67C2DDE4DAE0058FD49;
					};
					B7F7D6982DDE4DAF0058FD49 = {
						CreatedOnToolsVersion = 16.3;
						TestTargetID = B7F7D67C2DDE4DAE0058FD49;
					};
				};
			};
			buildConfigurationList = B7F7D6782DDE4DAE0058FD49 /* Build configuration list for PBXProject "Systems Inspector" */;
			developmentRegion = en;
			hasScannedForEncodings = 0;
			knownRegions = (
				en,
				Base,
			);
			mainGroup = B7F7D6742DDE4DAE0058FD49;
			minimizedProjectReferenceProxies = 1;
			preferredProjectObjectVersion = 77;
			productRefGroup = B7F7D67E2DDE4DAE0058FD49 /* Products */;
			projectDirPath = "";
			projectRoot = "";
			targets = (
				B7F7D67C2DDE4DAE0058FD49 /* Systems Inspector */,
				B7F7D68E2DDE4DAF0058FD49 /* Systems InspectorTests */,
				B7F7D6982DDE4DAF0058FD49 /* Systems InspectorUITests */,
			);
		};
/* End PBXProject section */

/* Begin PBXResourcesBuildPhase section */
		B7F7D67B2DDE4DAE0058FD49 /* Resources */ = {
			isa = PBXResourcesBuildPhase;
			buildActionMask = 2147483647;
			files = (
				B7D8830C2F2E37DB00BB0867 /* GoogleService-Info.plist in Resources */,
			);
			runOnlyForDeploymentPostprocessing = 0;
		};
		B7F7D68D2DDE4DAF0058FD49 /* Resources */ = {
			isa = PBXResourcesBuildPhase;
			buildActionMask = 2147483647;
			files = (
			);
			runOnlyForDeploymentPostprocessing = 0;
		};
		B7F7D6972DDE4DAF0058FD49 /* Resources */ = {
			isa = PBXResourcesBuildPhase;
			buildActionMask = 2147483647;
			files = (
			);
			runOnlyForDeploymentPostprocessing = 0;
		};
/* End PBXResourcesBuildPhase section */

/* Begin PBXShellScriptBuildPhase section */
		92A63E8309197CC3AE23BC9C /* [CP] Check Pods Manifest.lock */ = {
			isa = PBXShellScriptBuildPhase;
			buildActionMask = 2147483647;
			files = (
			);
			inputPaths = (
				"${PODS_PODFILE_DIR_PATH}/Podfile.lock",
				"${PODS_ROOT}/Manifest.lock",
			);
			name = "[CP] Check Pods Manifest.lock";
			outputPaths = (
				"$(DERIVED_FILE_DIR)/Pods-Systems InspectorTests-checkManifestLockResult.txt",
			);
			runOnlyForDeploymentPostprocessing = 0;
			shellPath = /bin/sh;
			shellScript = "diff \"${PODS_PODFILE_DIR_PATH}/Podfile.lock\" \"${PODS_ROOT}/Manifest.lock\" > /dev/null\nif [ $? != 0 ] ; then\n    # print error to STDERR\n    echo \"error: The sandbox is not in sync with the Podfile.lock. Run 'pod install' or update your CocoaPods installation.\" >&2\n    exit 1\nfi\n# This output is used by Xcode 'outputs' to avoid re-running this script phase.\necho \"SUCCESS\" > \"${SCRIPT_OUTPUT_FILE_0}\"\n";
			showEnvVarsInLog = 0;
		};
		94CE20B4163635EAB762A695 /* [CP] Check Pods Manifest.lock */ = {
			isa = PBXShellScriptBuildPhase;
			buildActionMask = 2147483647;
			files = (
			);
			inputPaths = (
				"${PODS_PODFILE_DIR_PATH}/Podfile.lock",
				"${PODS_ROOT}/Manifest.lock",
			);
			name = "[CP] Check Pods Manifest.lock";
			outputPaths = (
				"$(DERIVED_FILE_DIR)/Pods-Systems InspectorUITests-checkManifestLockResult.txt",
			);
			runOnlyForDeploymentPostprocessing = 0;
			shellPath = /bin/sh;
			shellScript = "diff \"${PODS_PODFILE_DIR_PATH}/Podfile.lock\" \"${PODS_ROOT}/Manifest.lock\" > /dev/null\nif [ $? != 0 ] ; then\n    # print error to STDERR\n    echo \"error: The sandbox is not in sync with the Podfile.lock. Run 'pod install' or update your CocoaPods installation.\" >&2\n    exit 1\nfi\n# This output is used by Xcode 'outputs' to avoid re-running this script phase.\necho \"SUCCESS\" > \"${SCRIPT_OUTPUT_FILE_0}\"\n";
			showEnvVarsInLog = 0;
		};
		B577D263428251271ABFBF5F /* [CP] Embed Pods Frameworks */ = {
			isa = PBXShellScriptBuildPhase;
			buildActionMask = 2147483647;
			files = (
			);
			inputFileListPaths = (
				"${PODS_ROOT}/Target Support Files/Pods-Systems Inspector/Pods-Systems Inspector-frameworks-${CONFIGURATION}-input-files.xcfilelist",
			);
			name = "[CP] Embed Pods Frameworks";
			outputFileListPaths = (
				"${PODS_ROOT}/Target Support Files/Pods-Systems Inspector/Pods-Systems Inspector-frameworks-${CONFIGURATION}-output-files.xcfilelist",
			);
			runOnlyForDeploymentPostprocessing = 0;
			shellPath = /bin/sh;
			shellScript = "\"${PODS_ROOT}/Target Support Files/Pods-Systems Inspector/Pods-Systems Inspector-frameworks.sh\"\n";
			showEnvVarsInLog = 0;
		};
		B7D8830D2F2E38BC00BB0867 /* Firebase Crashlytics */ = {
			isa = PBXShellScriptBuildPhase;
			buildActionMask = 2147483647;
			files = (
			);
			inputPaths = (
				"${DWARF_DSYM_FOLDER_PATH}/${DWARF_DSYM_FILE_NAME}",
				"${DWARF_DSYM_FOLDER_PATH}/${DWARF_DSYM_FILE_NAME}/Contents/Resources/DWARF/${TARGET_NAME}",
				"${DWARF_DSYM_FOLDER_PATH}/${DWARF_DSYM_FILE_NAME}/Contents/Info.plist",
				"$(TARGET_BUILD_DIR)/$(EXECUTABLE_PATH)",
			);
			name = "Firebase Crashlytics";
			outputPaths = (
				"${DERIVED_FILE_DIR}/${ARCHS}.txt",
			);
			runOnlyForDeploymentPostprocessing = 0;
			shellPath = /bin/sh;
			shellScript = "\"${PODS_ROOT}/FirebaseCrashlytics/run\"\n";
		};
		BBC2AC2A746586EB7C60B5E3 /* [CP] Check Pods Manifest.lock */ = {
			isa = PBXShellScriptBuildPhase;
			buildActionMask = 2147483647;
			files = (
			);
			inputPaths = (
				"${PODS_PODFILE_DIR_PATH}/Podfile.lock",
				"${PODS_ROOT}/Manifest.lock",
			);
			name = "[CP] Check Pods Manifest.lock";
			outputPaths = (
				"$(DERIVED_FILE_DIR)/Pods-Systems Inspector-checkManifestLockResult.txt",
			);
			runOnlyForDeploymentPostprocessing = 0;
			shellPath = /bin/sh;
			shellScript = "diff \"${PODS_PODFILE_DIR_PATH}/Podfile.lock\" \"${PODS_ROOT}/Manifest.lock\" > /dev/null\nif [ $? != 0 ] ; then\n    # print error to STDERR\n    echo \"error: The sandbox is not in sync with the Podfile.lock. Run 'pod install' or update your CocoaPods installation.\" >&2\n    exit 1\nfi\n# This output is used by Xcode 'outputs' to avoid re-running this script phase.\necho \"SUCCESS\" > \"${SCRIPT_OUTPUT_FILE_0}\"\n";
			showEnvVarsInLog = 0;
		};
/* End PBXShellScriptBuildPhase section */

/* Begin PBXSourcesBuildPhase section */
		B7F7D6792DDE4DAE0058FD49 /* Sources */ = {
			isa = PBXSourcesBuildPhase;
			buildActionMask = 2147483647;
			files = (
			);
			runOnlyForDeploymentPostprocessing = 0;
		};
		B7F7D68B2DDE4DAF0058FD49 /* Sources */ = {
			isa = PBXSourcesBuildPhase;
			buildActionMask = 2147483647;
			files = (
			);
			runOnlyForDeploymentPostprocessing = 0;
		};
		B7F7D6952DDE4DAF0058FD49 /* Sources */ = {
			isa = PBXSourcesBuildPhase;
			buildActionMask = 2147483647;
			files = (
			);
			runOnlyForDeploymentPostprocessing = 0;
		};
/* End PBXSourcesBuildPhase section */

/* Begin PBXTargetDependency section */
		B7F7D6912DDE4DAF0058FD49 /* PBXTargetDependency */ = {
			isa = PBXTargetDependency;
			target = B7F7D67C2DDE4DAE0058FD49 /* Systems Inspector */;
			targetProxy = B7F7D6902DDE4DAF0058FD49 /* PBXContainerItemProxy */;
		};
		B7F7D69B2DDE4DAF0058FD49 /* PBXTargetDependency */ = {
			isa = PBXTargetDependency;
			target = B7F7D67C2DDE4DAE0058FD49 /* Systems Inspector */;
			targetProxy = B7F7D69A2DDE4DAF0058FD49 /* PBXContainerItemProxy */;
		};
/* End PBXTargetDependency section */

/* Begin XCBuildConfiguration section */
		B7F7D6A12DDE4DAF0058FD49 /* Debug */ = {
			isa = XCBuildConfiguration;
			buildSettings = {
				ALWAYS_SEARCH_USER_PATHS = NO;
				ASSETCATALOG_COMPILER_GENERATE_SWIFT_ASSET_SYMBOL_EXTENSIONS = YES;
				CLANG_ANALYZER_NONNULL = YES;
				CLANG_ANALYZER_NUMBER_OBJECT_CONVERSION = YES_AGGRESSIVE;
				CLANG_CXX_LANGUAGE_STANDARD = "gnu++20";
				CLANG_ENABLE_MODULES = YES;
				CLANG_ENABLE_OBJC_ARC = YES;
				CLANG_ENABLE_OBJC_WEAK = YES;
				CLANG_WARN_BLOCK_CAPTURE_AUTORELEASING = YES;
				CLANG_WARN_BOOL_CONVERSION = YES;
				CLANG_WARN_COMMA = YES;
				CLANG_WARN_CONSTANT_CONVERSION = YES;
				CLANG_WARN_DEPRECATED_OBJC_IMPLEMENTATIONS = YES;
				CLANG_WARN_DIRECT_OBJC_ISA_USAGE = YES_ERROR;
				CLANG_WARN_DOCUMENTATION_COMMENTS = YES;
				CLANG_WARN_EMPTY_BODY = YES;
				CLANG_WARN_ENUM_CONVERSION = YES;
				CLANG_WARN_INFINITE_RECURSION = YES;
				CLANG_WARN_INT_CONVERSION = YES;
				CLANG_WARN_NON_LITERAL_NULL_CONVERSION = YES;
				CLANG_WARN_OBJC_IMPLICIT_RETAIN_SELF = YES;
				CLANG_WARN_OBJC_LITERAL_CONVERSION = YES;
				CLANG_WARN_OBJC_ROOT_CLASS = YES_ERROR;
				CLANG_WARN_QUOTED_INCLUDE_IN_FRAMEWORK_HEADER = NO;
				CLANG_WARN_RANGE_LOOP_ANALYSIS = YES;
				CLANG_WARN_STRICT_PROTOTYPES = YES;
				CLANG_WARN_SUSPICIOUS_MOVE = YES;
				CLANG_WARN_UNGUARDED_AVAILABILITY = YES_AGGRESSIVE;
				CLANG_WARN_UNREACHABLE_CODE = YES;
				CLANG_WARN__DUPLICATE_METHOD_MATCH = YES;
				COPY_PHASE_STRIP = NO;
				DEBUG_INFORMATION_FORMAT = "dwarf-with-dsym";
				DEVELOPMENT_TEAM = U39R7KMC6J;
				ENABLE_MODULE_VERIFIER = NO;
				ENABLE_STRICT_OBJC_MSGSEND = YES;
				ENABLE_TESTABILITY = YES;
				ENABLE_USER_SCRIPT_SANDBOXING = NO;
				GCC_C_LANGUAGE_STANDARD = gnu17;
				GCC_DYNAMIC_NO_PIC = NO;
				GCC_NO_COMMON_BLOCKS = YES;
				GCC_OPTIMIZATION_LEVEL = 0;
				GCC_PREPROCESSOR_DEFINITIONS = (
					"DEBUG=1",
					"$(inherited)",
				);
				GCC_WARN_64_TO_32_BIT_CONVERSION = YES;
				GCC_WARN_ABOUT_RETURN_TYPE = YES_ERROR;
				GCC_WARN_UNDECLARED_SELECTOR = YES;
				GCC_WARN_UNINITIALIZED_AUTOS = YES_AGGRESSIVE;
				GCC_WARN_UNUSED_FUNCTION = YES;
				GCC_WARN_UNUSED_VARIABLE = YES;
				IPHONEOS_DEPLOYMENT_TARGET = "$(RECOMMENDED_IPHONEOS_DEPLOYMENT_TARGET)";
				LOCALIZATION_PREFERS_STRING_CATALOGS = YES;
				MTL_ENABLE_DEBUG_INFO = INCLUDE_SOURCE;
				MTL_FAST_MATH = YES;
				ONLY_ACTIVE_ARCH = YES;
				SDKROOT = iphoneos;
				STRING_CATALOG_GENERATE_SYMBOLS = YES;
				SWIFT_ACTIVE_COMPILATION_CONDITIONS = "DEBUG $(inherited)";
				SWIFT_OPTIMIZATION_LEVEL = "-Onone";
			};
			name = Debug;
		};
		B7F7D6A22DDE4DAF0058FD49 /* Release */ = {
			isa = XCBuildConfiguration;
			buildSettings = {
				ALWAYS_SEARCH_USER_PATHS = NO;
				ASSETCATALOG_COMPILER_GENERATE_SWIFT_ASSET_SYMBOL_EXTENSIONS = YES;
				CLANG_ANALYZER_NONNULL = YES;
				CLANG_ANALYZER_NUMBER_OBJECT_CONVERSION = YES_AGGRESSIVE;
				CLANG_CXX_LANGUAGE_STANDARD = "gnu++20";
				CLANG_ENABLE_MODULES = YES;
				CLANG_ENABLE_OBJC_ARC = YES;
				CLANG_ENABLE_OBJC_WEAK = YES;
				CLANG_WARN_BLOCK_CAPTURE_AUTORELEASING = YES;
				CLANG_WARN_BOOL_CONVERSION = YES;
				CLANG_WARN_COMMA = YES;
				CLANG_WARN_CONSTANT_CONVERSION = YES;
				CLANG_WARN_DEPRECATED_OBJC_IMPLEMENTATIONS = YES;
				CLANG_WARN_DIRECT_OBJC_ISA_USAGE = YES_ERROR;
				CLANG_WARN_DOCUMENTATION_COMMENTS = YES;
				CLANG_WARN_EMPTY_BODY = YES;
				CLANG_WARN_ENUM_CONVERSION = YES;
				CLANG_WARN_INFINITE_RECURSION = YES;
				CLANG_WARN_INT_CONVERSION = YES;
				CLANG_WARN_NON_LITERAL_NULL_CONVERSION = YES;
				CLANG_WARN_OBJC_IMPLICIT_RETAIN_SELF = YES;
				CLANG_WARN_OBJC_LITERAL_CONVERSION = YES;
				CLANG_WARN_OBJC_ROOT_CLASS = YES_ERROR;
				CLANG_WARN_QUOTED_INCLUDE_IN_FRAMEWORK_HEADER = NO;
				CLANG_WARN_RANGE_LOOP_ANALYSIS = YES;
				CLANG_WARN_STRICT_PROTOTYPES = YES;
				CLANG_WARN_SUSPICIOUS_MOVE = YES;
				CLANG_WARN_UNGUARDED_AVAILABILITY = YES_AGGRESSIVE;
				CLANG_WARN_UNREACHABLE_CODE = YES;
				CLANG_WARN__DUPLICATE_METHOD_MATCH = YES;
				COPY_PHASE_STRIP = NO;
				DEBUG_INFORMATION_FORMAT = "dwarf-with-dsym";
				DEVELOPMENT_TEAM = U39R7KMC6J;
				ENABLE_MODULE_VERIFIER = NO;
				ENABLE_NS_ASSERTIONS = NO;
				ENABLE_STRICT_OBJC_MSGSEND = YES;
				ENABLE_USER_SCRIPT_SANDBOXING = NO;
				GCC_C_LANGUAGE_STANDARD = gnu17;
				GCC_NO_COMMON_BLOCKS = YES;
				GCC_WARN_64_TO_32_BIT_CONVERSION = YES;
				GCC_WARN_ABOUT_RETURN_TYPE = YES_ERROR;
				GCC_WARN_UNDECLARED_SELECTOR = YES;
				GCC_WARN_UNINITIALIZED_AUTOS = YES_AGGRESSIVE;
				GCC_WARN_UNUSED_FUNCTION = YES;
				GCC_WARN_UNUSED_VARIABLE = YES;
				IPHONEOS_DEPLOYMENT_TARGET = "$(RECOMMENDED_IPHONEOS_DEPLOYMENT_TARGET)";
				LOCALIZATION_PREFERS_STRING_CATALOGS = YES;
				MTL_ENABLE_DEBUG_INFO = NO;
				MTL_FAST_MATH = YES;
				SDKROOT = iphoneos;
				STRING_CATALOG_GENERATE_SYMBOLS = YES;
				SWIFT_COMPILATION_MODE = wholemodule;
				VALIDATE_PRODUCT = YES;
			};
			name = Release;
		};
		B7F7D6A42DDE4DAF0058FD49 /* Debug */ = {
			isa = XCBuildConfiguration;
			baseConfigurationReference = C04F180ADB821DB7107BF27A /* Pods-Systems Inspector.debug.xcconfig */;
			buildSettings = {
				ASSETCATALOG_COMPILER_APPICON_NAME = AppIcon;
				ASSETCATALOG_COMPILER_GLOBAL_ACCENT_COLOR_NAME = AccentColor;
				CLANG_ENABLE_EXPLICIT_MODULES = NO;
				CODE_SIGN_ENTITLEMENTS = "Systems Inspector/Systems Inspector.entitlements";
				CODE_SIGN_STYLE = Automatic;
				CURRENT_PROJECT_VERSION = 1.0;
				DEBUG_INFORMATION_FORMAT = "dwarf-with-dsym";
				DEVELOPMENT_TEAM = U39R7KMC6J;
				ENABLE_DEBUG_DYLIB = NO;
				ENABLE_PREVIEWS = YES;
				GENERATE_INFOPLIST_FILE = YES;
				INFOPLIST_FILE = "Systems-Inspector-Info.plist";
				INFOPLIST_KEY_CFBundleDisplayName = "Pallet Rack Safety";
				INFOPLIST_KEY_LSApplicationCategoryType = "public.app-category.utilities";
				INFOPLIST_KEY_NSCameraUsageDescription = "This app needs camera access to take photos of inspections and site documents.";
				INFOPLIST_KEY_NSFaceIDUsageDescription = "Use Face ID to securely log into the app.";
				INFOPLIST_KEY_UIApplicationSupportsIndirectInputEvents = YES;
				INFOPLIST_KEY_UILaunchStoryboardName = LaunchScreen;
				INFOPLIST_KEY_UIStatusBarStyle = "";
				INFOPLIST_KEY_UISupportedInterfaceOrientations_iPad = "UIInterfaceOrientationPortrait UIInterfaceOrientationPortraitUpsideDown UIInterfaceOrientationLandscapeLeft UIInterfaceOrientationLandscapeRight";
				INFOPLIST_KEY_UISupportedInterfaceOrientations_iPhone = "UIInterfaceOrientationPortrait UIInterfaceOrientationLandscapeLeft UIInterfaceOrientationLandscapeRight";
				IPHONEOS_DEPLOYMENT_TARGET = "$(RECOMMENDED_IPHONEOS_DEPLOYMENT_TARGET)";
				LD_RUNPATH_SEARCH_PATHS = (
					"$(inherited)",
					"@executable_path/Frameworks",
				);
				MARKETING_VERSION = 0.6;
				PRODUCT_BUNDLE_IDENTIFIER = "EKGDev.Systems-Inspector";
				PRODUCT_NAME = "$(TARGET_NAME)";
				SWIFT_EMIT_LOC_STRINGS = YES;
				SWIFT_ENABLE_EXPLICIT_MODULES = NO;
				SWIFT_OBJC_BRIDGING_HEADER = "Systems Inspector/Systems-Inspector-Bridging-Header.h";
				SWIFT_VERSION = 5.0;
				TARGETED_DEVICE_FAMILY = "1,2";
			};
			name = Debug;
		};
		B7F7D6A52DDE4DAF0058FD49 /* Release */ = {
			isa = XCBuildConfiguration;
			baseConfigurationReference = E9282E52545DB27BF867E7B1 /* Pods-Systems Inspector.release.xcconfig */;
			buildSettings = {
				ASSETCATALOG_COMPILER_APPICON_NAME = AppIcon;
				ASSETCATALOG_COMPILER_GLOBAL_ACCENT_COLOR_NAME = AccentColor;
				CLANG_ENABLE_EXPLICIT_MODULES = NO;
				CODE_SIGN_ENTITLEMENTS = "Systems Inspector/Systems Inspector.entitlements";
				CODE_SIGN_STYLE = Automatic;
				CURRENT_PROJECT_VERSION = 1.0;
				DEVELOPMENT_TEAM = U39R7KMC6J;
				ENABLE_PREVIEWS = YES;
				GENERATE_INFOPLIST_FILE = YES;
				INFOPLIST_FILE = "Systems-Inspector-Info.plist";
				INFOPLIST_KEY_CFBundleDisplayName = "Pallet Rack Safety";
				INFOPLIST_KEY_LSApplicationCategoryType = "public.app-category.utilities";
				INFOPLIST_KEY_NSCameraUsageDescription = "This app needs camera access to take photos of inspections and site documents.";
				INFOPLIST_KEY_NSFaceIDUsageDescription = "Use Face ID to securely log into the app.";
				INFOPLIST_KEY_UIApplicationSupportsIndirectInputEvents = YES;
				INFOPLIST_KEY_UILaunchStoryboardName = LaunchScreen;
				INFOPLIST_KEY_UIStatusBarStyle = "";
				INFOPLIST_KEY_UISupportedInterfaceOrientations_iPad = "UIInterfaceOrientationPortrait UIInterfaceOrientationPortraitUpsideDown UIInterfaceOrientationLandscapeLeft UIInterfaceOrientationLandscapeRight";
				INFOPLIST_KEY_UISupportedInterfaceOrientations_iPhone = "UIInterfaceOrientationPortrait UIInterfaceOrientationLandscapeLeft UIInterfaceOrientationLandscapeRight";
				IPHONEOS_DEPLOYMENT_TARGET = "$(RECOMMENDED_IPHONEOS_DEPLOYMENT_TARGET)";
				LD_RUNPATH_SEARCH_PATHS = (
					"$(inherited)",
					"@executable_path/Frameworks",
				);
				MARKETING_VERSION = 0.6;
				PRODUCT_BUNDLE_IDENTIFIER = "EKGDev.Systems-Inspector";
				PRODUCT_NAME = "$(TARGET_NAME)";
				SWIFT_EMIT_LOC_STRINGS = YES;
				SWIFT_ENABLE_EXPLICIT_MODULES = NO;
				SWIFT_OBJC_BRIDGING_HEADER = "Systems Inspector/Systems-Inspector-Bridging-Header.h";
				SWIFT_VERSION = 5.0;
				TARGETED_DEVICE_FAMILY = "1,2";
			};
			name = Release;
		};
		B7F7D6A72DDE4DAF0058FD49 /* Debug */ = {
			isa = XCBuildConfiguration;
			baseConfigurationReference = A197175770396C4BE43106E7 /* Pods-Systems InspectorTests.debug.xcconfig */;
			buildSettings = {
				BUNDLE_LOADER = "$(TEST_HOST)";
				CODE_SIGN_STYLE = Automatic;
				CURRENT_PROJECT_VERSION = 1;
				DEVELOPMENT_TEAM = U39R7KMC6J;
				GENERATE_INFOPLIST_FILE = YES;
				IPHONEOS_DEPLOYMENT_TARGET = "$(RECOMMENDED_IPHONEOS_DEPLOYMENT_TARGET)";
				MARKETING_VERSION = 1.0;
				PRODUCT_BUNDLE_IDENTIFIER = "EKGDev.Systems-InspectorTests";
				PRODUCT_NAME = "$(TARGET_NAME)";
				SWIFT_EMIT_LOC_STRINGS = NO;
				SWIFT_VERSION = 5.0;
				TARGETED_DEVICE_FAMILY = "1,2";
				TEST_HOST = "$(BUILT_PRODUCTS_DIR)/Systems Inspector.app/$(BUNDLE_EXECUTABLE_FOLDER_PATH)/Systems Inspector";
			};
			name = Debug;
		};
		B7F7D6A82DDE4DAF0058FD49 /* Release */ = {
			isa = XCBuildConfiguration;
			baseConfigurationReference = 5883354241593BED11128B4F /* Pods-Systems InspectorTests.release.xcconfig */;
			buildSettings = {
				BUNDLE_LOADER = "$(TEST_HOST)";
				CODE_SIGN_STYLE = Automatic;
				CURRENT_PROJECT_VERSION = 1;
				DEVELOPMENT_TEAM = U39R7KMC6J;
				GENERATE_INFOPLIST_FILE = YES;
				IPHONEOS_DEPLOYMENT_TARGET = "$(RECOMMENDED_IPHONEOS_DEPLOYMENT_TARGET)";
				MARKETING_VERSION = 1.0;
				PRODUCT_BUNDLE_IDENTIFIER = "EKGDev.Systems-InspectorTests";
				PRODUCT_NAME = "$(TARGET_NAME)";
				SWIFT_EMIT_LOC_STRINGS = NO;
				SWIFT_VERSION = 5.0;
				TARGETED_DEVICE_FAMILY = "1,2";
				TEST_HOST = "$(BUILT_PRODUCTS_DIR)/Systems Inspector.app/$(BUNDLE_EXECUTABLE_FOLDER_PATH)/Systems Inspector";
			};
			name = Release;
		};
		B7F7D6AA2DDE4DAF0058FD49 /* Debug */ = {
			isa = XCBuildConfiguration;
			baseConfigurationReference = D22FCEF0FC5D4EE7783C95E4 /* Pods-Systems InspectorUITests.debug.xcconfig */;
			buildSettings = {
				CODE_SIGN_STYLE = Automatic;
				CURRENT_PROJECT_VERSION = 1;
				DEVELOPMENT_TEAM = U39R7KMC6J;
				GENERATE_INFOPLIST_FILE = YES;
				MARKETING_VERSION = 1.0;
				PRODUCT_BUNDLE_IDENTIFIER = "EKGDev.Systems-InspectorUITests";
				PRODUCT_NAME = "$(TARGET_NAME)";
				SWIFT_EMIT_LOC_STRINGS = NO;
				SWIFT_VERSION = 5.0;
				TARGETED_DEVICE_FAMILY = "1,2";
				TEST_TARGET_NAME = "Systems Inspector";
			};
			name = Debug;
		};
		B7F7D6AB2DDE4DAF0058FD49 /* Release */ = {
			isa = XCBuildConfiguration;
			baseConfigurationReference = B6B2CFA3151B432891944190 /* Pods-Systems InspectorUITests.release.xcconfig */;
			buildSettings = {
				CODE_SIGN_STYLE = Automatic;
				CURRENT_PROJECT_VERSION = 1;
				DEVELOPMENT_TEAM = U39R7KMC6J;
				GENERATE_INFOPLIST_FILE = YES;
				MARKETING_VERSION = 1.0;
				PRODUCT_BUNDLE_IDENTIFIER = "EKGDev.Systems-InspectorUITests";
				PRODUCT_NAME = "$(TARGET_NAME)";
				SWIFT_EMIT_LOC_STRINGS = NO;
				SWIFT_VERSION = 5.0;
				TARGETED_DEVICE_FAMILY = "1,2";
				TEST_TARGET_NAME = "Systems Inspector";
			};
			name = Release;
		};
/* End XCBuildConfiguration section */

/* Begin XCConfigurationList section */
		B7F7D6782DDE4DAE0058FD49 /* Build configuration list for PBXProject "Systems Inspector" */ = {
			isa = XCConfigurationList;
			buildConfigurations = (
				B7F7D6A12DDE4DAF0058FD49 /* Debug */,
				B7F7D6A22DDE4DAF0058FD49 /* Release */,
			);
			defaultConfigurationIsVisible = 0;
			defaultConfigurationName = Release;
		};
		B7F7D6A32DDE4DAF0058FD49 /* Build configuration list for PBXNativeTarget "Systems Inspector" */ = {
			isa = XCConfigurationList;
			buildConfigurations = (
				B7F7D6A42DDE4DAF0058FD49 /* Debug */,
				B7F7D6A52DDE4DAF0058FD49 /* Release */,
			);
			defaultConfigurationIsVisible = 0;
			defaultConfigurationName = Release;
		};
		B7F7D6A62DDE4DAF0058FD49 /* Build configuration list for PBXNativeTarget "Systems InspectorTests" */ = {
			isa = XCConfigurationList;
			buildConfigurations = (
				B7F7D6A72DDE4DAF0058FD49 /* Debug */,
				B7F7D6A82DDE4DAF0058FD49 /* Release */,
			);
			defaultConfigurationIsVisible = 0;
			defaultConfigurationName = Release;
		};
		B7F7D6A92DDE4DAF0058FD49 /* Build configuration list for PBXNativeTarget "Systems InspectorUITests" */ = {
			isa = XCConfigurationList;
			buildConfigurations = (
				B7F7D6AA2DDE4DAF0058FD49 /* Debug */,
				B7F7D6AB2DDE4DAF0058FD49 /* Release */,
			);
			defaultConfigurationIsVisible = 0;
			defaultConfigurationName = Release;
		};
/* End XCConfigurationList section */
	};
	rootObject = B7F7D6752DDE4DAE0058FD49 /* Project object */;
}
